
Microsoft Visual Studio Solution File, Format Version 12.00
# Visual Studio Version 17
VisualStudioVersion = 17.3.32901.215
MinimumVisualStudioVersion = 10.0.40219.1
Project("{FAE04EC0-301F-11D3-BF4B-00C04F79EFBC}") = "NotesWeb", "NotesWeb\NotesWeb.csproj", "{71F58A15-C848-46E0-8FA9-336762689320}"
EndProject
Global
	GlobalSection(SolutionConfigurationPlatforms) = preSolution
		Debug|Any CPU = Debug|Any CPU
		Release|Any CPU = Release|Any CPU
	EndGlobalSection
	GlobalSection(ProjectConfigurationPlatforms) = postSolution
		{71F58A15-C848-46E0-8FA9-336762689320}.Debug|Any CPU.ActiveCfg = Debug|Any CPU
		{71F58A15-C848-46E0-8FA9-336762689320}.Debug|Any CPU.Build.0 = Debug|Any CPU
		{71F58A15-C848-46E0-8FA9-336762689320}.Release|Any CPU.ActiveCfg = Release|Any CPU
		{71F58A15-C848-46E0-8FA9-336762689320}.Release|Any CPU.Build.0 = Release|Any CPU
	EndGlobalSection
	GlobalSection(SolutionProperties) = preSolution
		HideSolutionNode = FALSE
	EndGlobalSection
	GlobalSection(ExtensibilityGlobals) = postSolution
		SolutionGuid = {E7C05833-1BAB-4730-B0C1-F440FE9D2B59}
	EndGlobalSection
EndGlobal
